// !$*UTF8*$!
{
	archiveVersion = 1;
	classes = {
	};
	objectVersion = 56;
	objects = {

/* Begin PBXBuildFile section */
		AB5BB8922A8E048E00172F5F /* AppDelegate.swift in Sources */ = {isa = PBXBuildFile; fileRef = AB5BB8912A8E048E00172F5F /* AppDelegate.swift */; };
		AB5BB8942A8E048E00172F5F /* SceneDelegate.swift in Sources */ = {isa = PBXBuildFile; fileRef = AB5BB8932A8E048E00172F5F /* SceneDelegate.swift */; };
		AB5BB8962A8E048E00172F5F /* CharacterViewController.swift in Sources */ = {isa = PBXBuildFile; fileRef = AB5BB8952A8E048E00172F5F /* CharacterViewController.swift */; };
		AB5BB8992A8E048E00172F5F /* Main.storyboard in Resources */ = {isa = PBXBuildFile; fileRef = AB5BB8972A8E048E00172F5F /* Main.storyboard */; };
		AB5BB89B2A8E048F00172F5F /* Assets.xcassets in Resources */ = {isa = PBXBuildFile; fileRef = AB5BB89A2A8E048F00172F5F /* Assets.xcassets */; };
		AB5BB89E2A8E048F00172F5F /* LaunchScreen.storyboard in Resources */ = {isa = PBXBuildFile; fileRef = AB5BB89C2A8E048F00172F5F /* LaunchScreen.storyboard */; };
		AB5BB8A82A8E052C00172F5F /* UIColor + ext.swift in Sources */ = {isa = PBXBuildFile; fileRef = AB5BB8A72A8E052C00172F5F /* UIColor + ext.swift */; };
		AB5BB8AA2A8E054400172F5F /* Resources.swift in Sources */ = {isa = PBXBuildFile; fileRef = AB5BB8A92A8E054400172F5F /* Resources.swift */; };
		AB5BB8B02A8E096F00172F5F /* CharacterView.swift in Sources */ = {isa = PBXBuildFile; fileRef = AB5BB8AF2A8E096F00172F5F /* CharacterView.swift */; };
		AB5BB8B22A8E0B1C00172F5F /* CharacterModel.swift in Sources */ = {isa = PBXBuildFile; fileRef = AB5BB8B12A8E0B1C00172F5F /* CharacterModel.swift */; };
		AB5BB8B72A8E0B8A00172F5F /* CharCollectionCell.swift in Sources */ = {isa = PBXBuildFile; fileRef = AB5BB8B62A8E0B8A00172F5F /* CharCollectionCell.swift */; };
		AB5BB8BB2A8E1C5E00172F5F /* CharProfileController.swift in Sources */ = {isa = PBXBuildFile; fileRef = AB5BB8BA2A8E1C5E00172F5F /* CharProfileController.swift */; };
		AB5BB8C12A8E242500172F5F /* CharProfileCell.swift in Sources */ = {isa = PBXBuildFile; fileRef = AB5BB8C02A8E242500172F5F /* CharProfileCell.swift */; };
		AB5BB8C52A8E32F900172F5F /* CharInfoCell.swift in Sources */ = {isa = PBXBuildFile; fileRef = AB5BB8C42A8E32F900172F5F /* CharInfoCell.swift */; };
		AB5BB8C82A8E492A00172F5F /* CharOriginCell.swift in Sources */ = {isa = PBXBuildFile; fileRef = AB5BB8C72A8E492A00172F5F /* CharOriginCell.swift */; };
		AB5BB8CA2A8E4C6300172F5F /* EpisodesCell.swift in Sources */ = {isa = PBXBuildFile; fileRef = AB5BB8C92A8E4C6300172F5F /* EpisodesCell.swift */; };
		AB5BB8CD2A8E51D300172F5F /* EpisodesCollectionCell.swift in Sources */ = {isa = PBXBuildFile; fileRef = AB5BB8CC2A8E51D300172F5F /* EpisodesCollectionCell.swift */; };
		AB5BB8CF2A8F878B00172F5F /* NetworkModel.swift in Sources */ = {isa = PBXBuildFile; fileRef = AB5BB8CE2A8F878B00172F5F /* NetworkModel.swift */; };
		AB5BB8D22A8F8AF200172F5F /* NetworkData.swift in Sources */ = {isa = PBXBuildFile; fileRef = AB5BB8D12A8F8AF200172F5F /* NetworkData.swift */; };
		AB5BB8D42A8F8AFF00172F5F /* NetworkRquest.swift in Sources */ = {isa = PBXBuildFile; fileRef = AB5BB8D32A8F8AFF00172F5F /* NetworkRquest.swift */; };
		AB5BB8D62A90B58200172F5F /* CharProfileView.swift in Sources */ = {isa = PBXBuildFile; fileRef = AB5BB8D52A90B58200172F5F /* CharProfileView.swift */; };
		AB5BB8D82A90ECA800172F5F /* Collection + ext.swift in Sources */ = {isa = PBXBuildFile; fileRef = AB5BB8D72A90ECA800172F5F /* Collection + ext.swift */; };
/* End PBXBuildFile section */

/* Begin PBXFileReference section */
		AB5BB88E2A8E048E00172F5F /* RandMorty.app */ = {isa = PBXFileReference; explicitFileType = wrapper.application; includeInIndex = 0; path = RandMorty.app; sourceTree = BUILT_PRODUCTS_DIR; };
		AB5BB8912A8E048E00172F5F /* AppDelegate.swift */ = {isa = PBXFileReference; lastKnownFileType = sourcecode.swift; path = AppDelegate.swift; sourceTree = "<group>"; };
		AB5BB8932A8E048E00172F5F /* SceneDelegate.swift */ = {isa = PBXFileReference; lastKnownFileType = sourcecode.swift; path = SceneDelegate.swift; sourceTree = "<group>"; };
		AB5BB8952A8E048E00172F5F /* CharacterViewController.swift */ = {isa = PBXFileReference; lastKnownFileType = sourcecode.swift; path = CharacterViewController.swift; sourceTree = "<group>"; };
		AB5BB8982A8E048E00172F5F /* Base */ = {isa = PBXFileReference; lastKnownFileType = file.storyboard; name = Base; path = Base.lproj/Main.storyboard; sourceTree = "<group>"; };
		AB5BB89A2A8E048F00172F5F /* Assets.xcassets */ = {isa = PBXFileReference; lastKnownFileType = folder.assetcatalog; path = Assets.xcassets; sourceTree = "<group>"; };
		AB5BB89D2A8E048F00172F5F /* Base */ = {isa = PBXFileReference; lastKnownFileType = file.storyboard; name = Base; path = Base.lproj/LaunchScreen.storyboard; sourceTree = "<group>"; };
		AB5BB89F2A8E048F00172F5F /* Info.plist */ = {isa = PBXFileReference; lastKnownFileType = text.plist.xml; path = Info.plist; sourceTree = "<group>"; };
		AB5BB8A72A8E052C00172F5F /* UIColor + ext.swift */ = {isa = PBXFileReference; lastKnownFileType = sourcecode.swift; path = "UIColor + ext.swift"; sourceTree = "<group>"; };
		AB5BB8A92A8E054400172F5F /* Resources.swift */ = {isa = PBXFileReference; lastKnownFileType = sourcecode.swift; path = Resources.swift; sourceTree = "<group>"; };
		AB5BB8AF2A8E096F00172F5F /* CharacterView.swift */ = {isa = PBXFileReference; lastKnownFileType = sourcecode.swift; path = CharacterView.swift; sourceTree = "<group>"; };
		AB5BB8B12A8E0B1C00172F5F /* CharacterModel.swift */ = {isa = PBXFileReference; lastKnownFileType = sourcecode.swift; path = CharacterModel.swift; sourceTree = "<group>"; };
		AB5BB8B62A8E0B8A00172F5F /* CharCollectionCell.swift */ = {isa = PBXFileReference; lastKnownFileType = sourcecode.swift; path = CharCollectionCell.swift; sourceTree = "<group>"; };
		AB5BB8BA2A8E1C5E00172F5F /* CharProfileController.swift */ = {isa = PBXFileReference; lastKnownFileType = sourcecode.swift; path = CharProfileController.swift; sourceTree = "<group>"; };
		AB5BB8C02A8E242500172F5F /* CharProfileCell.swift */ = {isa = PBXFileReference; lastKnownFileType = sourcecode.swift; path = CharProfileCell.swift; sourceTree = "<group>"; };
		AB5BB8C42A8E32F900172F5F /* CharInfoCell.swift */ = {isa = PBXFileReference; lastKnownFileType = sourcecode.swift; path = CharInfoCell.swift; sourceTree = "<group>"; };
		AB5BB8C72A8E492A00172F5F /* CharOriginCell.swift */ = {isa = PBXFileReference; lastKnownFileType = sourcecode.swift; path = CharOriginCell.swift; sourceTree = "<group>"; };
		AB5BB8C92A8E4C6300172F5F /* EpisodesCell.swift */ = {isa = PBXFileReference; lastKnownFileType = sourcecode.swift; path = EpisodesCell.swift; sourceTree = "<group>"; };
		AB5BB8CC2A8E51D300172F5F /* EpisodesCollectionCell.swift */ = {isa = PBXFileReference; lastKnownFileType = sourcecode.swift; path = EpisodesCollectionCell.swift; sourceTree = "<group>"; };
		AB5BB8CE2A8F878B00172F5F /* NetworkModel.swift */ = {isa = PBXFileReference; lastKnownFileType = sourcecode.swift; path = NetworkModel.swift; sourceTree = "<group>"; };
		AB5BB8D12A8F8AF200172F5F /* NetworkData.swift */ = {isa = PBXFileReference; lastKnownFileType = sourcecode.swift; path = NetworkData.swift; sourceTree = "<group>"; };
		AB5BB8D32A8F8AFF00172F5F /* NetworkRquest.swift */ = {isa = PBXFileReference; lastKnownFileType = sourcecode.swift; path = NetworkRquest.swift; sourceTree = "<group>"; };
		AB5BB8D52A90B58200172F5F /* CharProfileView.swift */ = {isa = PBXFileReference; lastKnownFileType = sourcecode.swift; path = CharProfileView.swift; sourceTree = "<group>"; };
		AB5BB8D72A90ECA800172F5F /* Collection + ext.swift */ = {isa = PBXFileReference; lastKnownFileType = sourcecode.swift; path = "Collection + ext.swift"; sourceTree = "<group>"; };
/* End PBXFileReference section */

/* Begin PBXFrameworksBuildPhase section */
		AB5BB88B2A8E048E00172F5F /* Frameworks */ = {
			isa = PBXFrameworksBuildPhase;
			buildActionMask = 2147483647;
			files = (
			);
			runOnlyForDeploymentPostprocessing = 0;
		};
/* End PBXFrameworksBuildPhase section */

/* Begin PBXGroup section */
		AB5BB8852A8E048E00172F5F = {
			isa = PBXGroup;
			children = (
				AB5BB8902A8E048E00172F5F /* RandMorty */,
				AB5BB88F2A8E048E00172F5F /* Products */,
			);
			sourceTree = "<group>";
		};
		AB5BB88F2A8E048E00172F5F /* Products */ = {
			isa = PBXGroup;
			children = (
				AB5BB88E2A8E048E00172F5F /* RandMorty.app */,
			);
			name = Products;
			sourceTree = "<group>";
		};
		AB5BB8902A8E048E00172F5F /* RandMorty */ = {
			isa = PBXGroup;
			children = (
				AB5BB8A52A8E04FF00172F5F /* Helpers */,
				AB5BB8B82A8E1C1E00172F5F /* SceneCharProfile */,
				AB5BB8AB2A8E08DC00172F5F /* SceneCharacter */,
				AB5BB8912A8E048E00172F5F /* AppDelegate.swift */,
				AB5BB8932A8E048E00172F5F /* SceneDelegate.swift */,
				AB5BB8972A8E048E00172F5F /* Main.storyboard */,
				AB5BB89A2A8E048F00172F5F /* Assets.xcassets */,
				AB5BB89C2A8E048F00172F5F /* LaunchScreen.storyboard */,
				AB5BB89F2A8E048F00172F5F /* Info.plist */,
			);
			path = RandMorty;
			sourceTree = "<group>";
		};
		AB5BB8A52A8E04FF00172F5F /* Helpers */ = {
			isa = PBXGroup;
			children = (
				AB5BB8B52A8E0B4100172F5F /* Network */,
				AB5BB8A62A8E050A00172F5F /* Extension */,
				AB5BB8A92A8E054400172F5F /* Resources.swift */,
			);
			path = Helpers;
			sourceTree = "<group>";
		};
		AB5BB8A62A8E050A00172F5F /* Extension */ = {
			isa = PBXGroup;
			children = (
				AB5BB8A72A8E052C00172F5F /* UIColor + ext.swift */,
				AB5BB8D72A90ECA800172F5F /* Collection + ext.swift */,
			);
			path = Extension;
			sourceTree = "<group>";
		};
		AB5BB8AB2A8E08DC00172F5F /* SceneCharacter */ = {
			isa = PBXGroup;
			children = (
				AB5BB8AE2A8E090400172F5F /* Model */,
				AB5BB8AD2A8E08FC00172F5F /* View */,
				AB5BB8AC2A8E08F200172F5F /* Controller */,
			);
			path = SceneCharacter;
			sourceTree = "<group>";
		};
		AB5BB8AC2A8E08F200172F5F /* Controller */ = {
			isa = PBXGroup;
			children = (
				AB5BB8952A8E048E00172F5F /* CharacterViewController.swift */,
			);
			path = Controller;
			sourceTree = "<group>";
		};
		AB5BB8AD2A8E08FC00172F5F /* View */ = {
			isa = PBXGroup;
			children = (
				AB5BB8AF2A8E096F00172F5F /* CharacterView.swift */,
				AB5BB8B62A8E0B8A00172F5F /* CharCollectionCell.swift */,
			);
			path = View;
			sourceTree = "<group>";
		};
		AB5BB8AE2A8E090400172F5F /* Model */ = {
			isa = PBXGroup;
			children = (
				AB5BB8B12A8E0B1C00172F5F /* CharacterModel.swift */,
			);
			path = Model;
			sourceTree = "<group>";
		};
		AB5BB8B52A8E0B4100172F5F /* Network */ = {
			isa = PBXGroup;
			children = (
				AB5BB8D02A8F8AE000172F5F /* NetworkManegaer */,
				AB5BB8CE2A8F878B00172F5F /* NetworkModel.swift */,
			);
			path = Network;
			sourceTree = "<group>";
		};
		AB5BB8B82A8E1C1E00172F5F /* SceneCharProfile */ = {
			isa = PBXGroup;
			children = (
				AB5BB8BD2A8E1C7E00172F5F /* Model */,
				AB5BB8BC2A8E1C6F00172F5F /* View */,
				AB5BB8B92A8E1C3900172F5F /* Controller */,
			);
			path = SceneCharProfile;
			sourceTree = "<group>";
		};
		AB5BB8B92A8E1C3900172F5F /* Controller */ = {
			isa = PBXGroup;
			children = (
				AB5BB8BA2A8E1C5E00172F5F /* CharProfileController.swift */,
			);
			path = Controller;
			sourceTree = "<group>";
		};
		AB5BB8BC2A8E1C6F00172F5F /* View */ = {
			isa = PBXGroup;
			children = (
				AB5BB8CB2A8E519100172F5F /* EpisodesCollection */,
				AB5BB8C62A8E32FF00172F5F /* CharTableCell */,
				AB5BB8D52A90B58200172F5F /* CharProfileView.swift */,
			);
			path = View;
			sourceTree = "<group>";
		};
		AB5BB8BD2A8E1C7E00172F5F /* Model */ = {
			isa = PBXGroup;
			children = (
			);
			path = Model;
			sourceTree = "<group>";
		};
		AB5BB8C62A8E32FF00172F5F /* CharTableCell */ = {
			isa = PBXGroup;
			children = (
				AB5BB8C02A8E242500172F5F /* CharProfileCell.swift */,
				AB5BB8C42A8E32F900172F5F /* CharInfoCell.swift */,
				AB5BB8C72A8E492A00172F5F /* CharOriginCell.swift */,
				AB5BB8C92A8E4C6300172F5F /* EpisodesCell.swift */,
			);
			path = CharTableCell;
			sourceTree = "<group>";
		};
		AB5BB8CB2A8E519100172F5F /* EpisodesCollection */ = {
			isa = PBXGroup;
			children = (
				AB5BB8CC2A8E51D300172F5F /* EpisodesCollectionCell.swift */,
			);
			path = EpisodesCollection;
			sourceTree = "<group>";
		};
		AB5BB8D02A8F8AE000172F5F /* NetworkManegaer */ = {
			isa = PBXGroup;
			children = (
				AB5BB8D32A8F8AFF00172F5F /* NetworkRquest.swift */,
				AB5BB8D12A8F8AF200172F5F /* NetworkData.swift */,
			);
			path = NetworkManegaer;
			sourceTree = "<group>";
		};
/* End PBXGroup section */

/* Begin PBXNativeTarget section */
		AB5BB88D2A8E048E00172F5F /* RandMorty */ = {
			isa = PBXNativeTarget;
			buildConfigurationList = AB5BB8A22A8E048F00172F5F /* Build configuration list for PBXNativeTarget "RandMorty" */;
			buildPhases = (
				AB5BB88A2A8E048E00172F5F /* Sources */,
				AB5BB88B2A8E048E00172F5F /* Frameworks */,
				AB5BB88C2A8E048E00172F5F /* Resources */,
			);
			buildRules = (
			);
			dependencies = (
			);
			name = RandMorty;
			productName = RandMorty;
			productReference = AB5BB88E2A8E048E00172F5F /* RandMorty.app */;
			productType = "com.apple.product-type.application";
		};
/* End PBXNativeTarget section */

/* Begin PBXProject section */
		AB5BB8862A8E048E00172F5F /* Project object */ = {
			isa = PBXProject;
			attributes = {
				BuildIndependentTargetsInParallel = 1;
				LastSwiftUpdateCheck = 1420;
				LastUpgradeCheck = 1420;
				TargetAttributes = {
					AB5BB88D2A8E048E00172F5F = {
						CreatedOnToolsVersion = 14.2;
					};
				};
			};
			buildConfigurationList = AB5BB8892A8E048E00172F5F /* Build configuration list for PBXProject "RandMorty" */;
			compatibilityVersion = "Xcode 14.0";
			developmentRegion = en;
			hasScannedForEncodings = 0;
			knownRegions = (
				en,
				Base,
			);
			mainGroup = AB5BB8852A8E048E00172F5F;
			productRefGroup = AB5BB88F2A8E048E00172F5F /* Products */;
			projectDirPath = "";
			projectRoot = "";
			targets = (
				AB5BB88D2A8E048E00172F5F /* RandMorty */,
			);
		};
/* End PBXProject section */

/* Begin PBXResourcesBuildPhase section */
		AB5BB88C2A8E048E00172F5F /* Resources */ = {
			isa = PBXResourcesBuildPhase;
			buildActionMask = 2147483647;
			files = (
				AB5BB89E2A8E048F00172F5F /* LaunchScreen.storyboard in Resources */,
				AB5BB89B2A8E048F00172F5F /* Assets.xcassets in Resources */,
				AB5BB8992A8E048E00172F5F /* Main.storyboard in Resources */,
			);
			runOnlyForDeploymentPostprocessing = 0;
		};
/* End PBXResourcesBuildPhase section */

/* Begin PBXSourcesBuildPhase section */
		AB5BB88A2A8E048E00172F5F /* Sources */ = {
			isa = PBXSourcesBuildPhase;
			buildActionMask = 2147483647;
			files = (
				AB5BB8D22A8F8AF200172F5F /* NetworkData.swift in Sources */,
				AB5BB8B72A8E0B8A00172F5F /* CharCollectionCell.swift in Sources */,
				AB5BB8D62A90B58200172F5F /* CharProfileView.swift in Sources */,
				AB5BB8C52A8E32F900172F5F /* CharInfoCell.swift in Sources */,
				AB5BB8D42A8F8AFF00172F5F /* NetworkRquest.swift in Sources */,
				AB5BB8B02A8E096F00172F5F /* CharacterView.swift in Sources */,
				AB5BB8962A8E048E00172F5F /* CharacterViewController.swift in Sources */,
				AB5BB8BB2A8E1C5E00172F5F /* CharProfileController.swift in Sources */,
				AB5BB8922A8E048E00172F5F /* AppDelegate.swift in Sources */,
				AB5BB8CD2A8E51D300172F5F /* EpisodesCollectionCell.swift in Sources */,
				AB5BB8D82A90ECA800172F5F /* Collection + ext.swift in Sources */,
				AB5BB8942A8E048E00172F5F /* SceneDelegate.swift in Sources */,
				AB5BB8CF2A8F878B00172F5F /* NetworkModel.swift in Sources */,
				AB5BB8CA2A8E4C6300172F5F /* EpisodesCell.swift in Sources */,
				AB5BB8AA2A8E054400172F5F /* Resources.swift in Sources */,
				AB5BB8C82A8E492A00172F5F /* CharOriginCell.swift in Sources */,
				AB5BB8B22A8E0B1C00172F5F /* CharacterModel.swift in Sources */,
				AB5BB8A82A8E052C00172F5F /* UIColor + ext.swift in Sources */,
				AB5BB8C12A8E242500172F5F /* CharProfileCell.swift in Sources */,
			);
			runOnlyForDeploymentPostprocessing = 0;
		};
/* End PBXSourcesBuildPhase section */

/* Begin PBXVariantGroup section */
		AB5BB8972A8E048E00172F5F /* Main.storyboard */ = {
			isa = PBXVariantGroup;
			children = (
				AB5BB8982A8E048E00172F5F /* Base */,
			);
			name = Main.storyboard;
			sourceTree = "<group>";
		};
		AB5BB89C2A8E048F00172F5F /* LaunchScreen.storyboard */ = {
			isa = PBXVariantGroup;
			children = (
				AB5BB89D2A8E048F00172F5F /* Base */,
			);
			name = LaunchScreen.storyboard;
			sourceTree = "<group>";
		};
/* End PBXVariantGroup section */

/* Begin XCBuildConfiguration section */
		AB5BB8A02A8E048F00172F5F /* Debug */ = {
			isa = XCBuildConfiguration;
			buildSettings = {
				ALWAYS_SEARCH_USER_PATHS = NO;
				CLANG_ANALYZER_NONNULL = YES;
				CLANG_ANALYZER_NUMBER_OBJECT_CONVERSION = YES_AGGRESSIVE;
				CLANG_CXX_LANGUAGE_STANDARD = "gnu++20";
				CLANG_ENABLE_MODULES = YES;
				CLANG_ENABLE_OBJC_ARC = YES;
				CLANG_ENABLE_OBJC_WEAK = YES;
				CLANG_WARN_BLOCK_CAPTURE_AUTORELEASING = YES;
				CLANG_WARN_BOOL_CONVERSION = YES;
				CLANG_WARN_COMMA = YES;
				CLANG_WARN_CONSTANT_CONVERSION = YES;
				CLANG_WARN_DEPRECATED_OBJC_IMPLEMENTATIONS = YES;
				CLANG_WARN_DIRECT_OBJC_ISA_USAGE = YES_ERROR;
				CLANG_WARN_DOCUMENTATION_COMMENTS = YES;
				CLANG_WARN_EMPTY_BODY = YES;
				CLANG_WARN_ENUM_CONVERSION = YES;
				CLANG_WARN_INFINITE_RECURSION = YES;
				CLANG_WARN_INT_CONVERSION = YES;
				CLANG_WARN_NON_LITERAL_NULL_CONVERSION = YES;
				CLANG_WARN_OBJC_IMPLICIT_RETAIN_SELF = YES;
				CLANG_WARN_OBJC_LITERAL_CONVERSION = YES;
				CLANG_WARN_OBJC_ROOT_CLASS = YES_ERROR;
				CLANG_WARN_QUOTED_INCLUDE_IN_FRAMEWORK_HEADER = YES;
				CLANG_WARN_RANGE_LOOP_ANALYSIS = YES;
				CLANG_WARN_STRICT_PROTOTYPES = YES;
				CLANG_WARN_SUSPICIOUS_MOVE = YES;
				CLANG_WARN_UNGUARDED_AVAILABILITY = YES_AGGRESSIVE;
				CLANG_WARN_UNREACHABLE_CODE = YES;
				CLANG_WARN__DUPLICATE_METHOD_MATCH = YES;
				COPY_PHASE_STRIP = NO;
				DEBUG_INFORMATION_FORMAT = dwarf;
				ENABLE_STRICT_OBJC_MSGSEND = YES;
				ENABLE_TESTABILITY = YES;
				GCC_C_LANGUAGE_STANDARD = gnu11;
				GCC_DYNAMIC_NO_PIC = NO;
				GCC_NO_COMMON_BLOCKS = YES;
				GCC_OPTIMIZATION_LEVEL = 0;
				GCC_PREPROCESSOR_DEFINITIONS = (
					"DEBUG=1",
					"$(inherited)",
				);
				GCC_WARN_64_TO_32_BIT_CONVERSION = YES;
				GCC_WARN_ABOUT_RETURN_TYPE = YES_ERROR;
				GCC_WARN_UNDECLARED_SELECTOR = YES;
				GCC_WARN_UNINITIALIZED_AUTOS = YES_AGGRESSIVE;
				GCC_WARN_UNUSED_FUNCTION = YES;
				GCC_WARN_UNUSED_VARIABLE = YES;
				IPHONEOS_DEPLOYMENT_TARGET = 16.2;
				MTL_ENABLE_DEBUG_INFO = INCLUDE_SOURCE;
				MTL_FAST_MATH = YES;
				ONLY_ACTIVE_ARCH = YES;
				SDKROOT = iphoneos;
				SWIFT_ACTIVE_COMPILATION_CONDITIONS = DEBUG;
				SWIFT_OPTIMIZATION_LEVEL = "-Onone";
			};
			name = Debug;
		};
		AB5BB8A12A8E048F00172F5F /* Release */ = {
			isa = XCBuildConfiguration;
			buildSettings = {
				ALWAYS_SEARCH_USER_PATHS = NO;
				CLANG_ANALYZER_NONNULL = YES;
				CLANG_ANALYZER_NUMBER_OBJECT_CONVERSION = YES_AGGRESSIVE;
				CLANG_CXX_LANGUAGE_STANDARD = "gnu++20";
				CLANG_ENABLE_MODULES = YES;
				CLANG_ENABLE_OBJC_ARC = YES;
				CLANG_ENABLE_OBJC_WEAK = YES;
				CLANG_WARN_BLOCK_CAPTURE_AUTORELEASING = YES;
				CLANG_WARN_BOOL_CONVERSION = YES;
				CLANG_WARN_COMMA = YES;
				CLANG_WARN_CONSTANT_CONVERSION = YES;
				CLANG_WARN_DEPRECATED_OBJC_IMPLEMENTATIONS = YES;
				CLANG_WARN_DIRECT_OBJC_ISA_USAGE = YES_ERROR;
				CLANG_WARN_DOCUMENTATION_COMMENTS = YES;
				CLANG_WARN_EMPTY_BODY = YES;
				CLANG_WARN_ENUM_CONVERSION = YES;
				CLANG_WARN_INFINITE_RECURSION = YES;
				CLANG_WARN_INT_CONVERSION = YES;
				CLANG_WARN_NON_LITERAL_NULL_CONVERSION = YES;
				CLANG_WARN_OBJC_IMPLICIT_RETAIN_SELF = YES;
				CLANG_WARN_OBJC_LITERAL_CONVERSION = YES;
				CLANG_WARN_OBJC_ROOT_CLASS = YES_ERROR;
				CLANG_WARN_QUOTED_INCLUDE_IN_FRAMEWORK_HEADER = YES;
				CLANG_WARN_RANGE_LOOP_ANALYSIS = YES;
				CLANG_WARN_STRICT_PROTOTYPES = YES;
				CLANG_WARN_SUSPICIOUS_MOVE = YES;
				CLANG_WARN_UNGUARDED_AVAILABILITY = YES_AGGRESSIVE;
				CLANG_WARN_UNREACHABLE_CODE = YES;
				CLANG_WARN__DUPLICATE_METHOD_MATCH = YES;
				COPY_PHASE_STRIP = NO;
				DEBUG_INFORMATION_FORMAT = "dwarf-with-dsym";
				ENABLE_NS_ASSERTIONS = NO;
				ENABLE_STRICT_OBJC_MSGSEND = YES;
				GCC_C_LANGUAGE_STANDARD = gnu11;
				GCC_NO_COMMON_BLOCKS = YES;
				GCC_WARN_64_TO_32_BIT_CONVERSION = YES;
				GCC_WARN_ABOUT_RETURN_TYPE = YES_ERROR;
				GCC_WARN_UNDECLARED_SELECTOR = YES;
				GCC_WARN_UNINITIALIZED_AUTOS = YES_AGGRESSIVE;
				GCC_WARN_UNUSED_FUNCTION = YES;
				GCC_WARN_UNUSED_VARIABLE = YES;
				IPHONEOS_DEPLOYMENT_TARGET = 16.2;
				MTL_ENABLE_DEBUG_INFO = NO;
				MTL_FAST_MATH = YES;
				SDKROOT = iphoneos;
				SWIFT_COMPILATION_MODE = wholemodule;
				SWIFT_OPTIMIZATION_LEVEL = "-O";
				VALIDATE_PRODUCT = YES;
			};
			name = Release;
		};
		AB5BB8A32A8E048F00172F5F /* Debug */ = {
			isa = XCBuildConfiguration;
			buildSettings = {
				ASSETCATALOG_COMPILER_APPICON_NAME = AppIcon;
				ASSETCATALOG_COMPILER_GLOBAL_ACCENT_COLOR_NAME = AccentColor;
				CODE_SIGN_STYLE = Automatic;
				CURRENT_PROJECT_VERSION = 1;
				DEVELOPMENT_TEAM = 65ZT2PZTN2;
				GENERATE_INFOPLIST_FILE = YES;
				INFOPLIST_FILE = RandMorty/Info.plist;
				INFOPLIST_KEY_UIApplicationSupportsIndirectInputEvents = YES;
				INFOPLIST_KEY_UILaunchStoryboardName = LaunchScreen;
				INFOPLIST_KEY_UIMainStoryboardFile = Main;
				INFOPLIST_KEY_UISupportedInterfaceOrientations_iPad = "UIInterfaceOrientationPortrait UIInterfaceOrientationPortraitUpsideDown UIInterfaceOrientationLandscapeLeft UIInterfaceOrientationLandscapeRight";
				INFOPLIST_KEY_UISupportedInterfaceOrientations_iPhone = "UIInterfaceOrientationPortrait UIInterfaceOrientationLandscapeLeft UIInterfaceOrientationLandscapeRight";
				LD_RUNPATH_SEARCH_PATHS = (
					"$(inherited)",
					"@executable_path/Frameworks",
				);
				MARKETING_VERSION = 1.0;
				PRODUCT_BUNDLE_IDENTIFIER = sulim.cool.RandMorty;
				PRODUCT_NAME = "$(TARGET_NAME)";
				SWIFT_EMIT_LOC_STRINGS = YES;
				SWIFT_VERSION = 5.0;
				TARGETED_DEVICE_FAMILY = "1,2";
			};
			name = Debug;
		};
		AB5BB8A42A8E048F00172F5F /* Release */ = {
			isa = XCBuildConfiguration;
			buildSettings = {
				ASSETCATALOG_COMPILER_APPICON_NAME = AppIcon;
				ASSETCATALOG_COMPILER_GLOBAL_ACCENT_COLOR_NAME = AccentColor;
				CODE_SIGN_STYLE = Automatic;
				CURRENT_PROJECT_VERSION = 1;
				DEVELOPMENT_TEAM = 65ZT2PZTN2;
				GENERATE_INFOPLIST_FILE = YES;
				INFOPLIST_FILE = RandMorty/Info.plist;
				INFOPLIST_KEY_UIApplicationSupportsIndirectInputEvents = YES;
				INFOPLIST_KEY_UILaunchStoryboardName = LaunchScreen;
				INFOPLIST_KEY_UIMainStoryboardFile = Main;
				INFOPLIST_KEY_UISupportedInterfaceOrientations_iPad = "UIInterfaceOrientationPortrait UIInterfaceOrientationPortraitUpsideDown UIInterfaceOrientationLandscapeLeft UIInterfaceOrientationLandscapeRight";
				INFOPLIST_KEY_UISupportedInterfaceOrientations_iPhone = "UIInterfaceOrientationPortrait UIInterfaceOrientationLandscapeLeft UIInterfaceOrientationLandscapeRight";
				LD_RUNPATH_SEARCH_PATHS = (
					"$(inherited)",
					"@executable_path/Frameworks",
				);
				MARKETING_VERSION = 1.0;
				PRODUCT_BUNDLE_IDENTIFIER = sulim.cool.RandMorty;
				PRODUCT_NAME = "$(TARGET_NAME)";
				SWIFT_EMIT_LOC_STRINGS = YES;
				SWIFT_VERSION = 5.0;
				TARGETED_DEVICE_FAMILY = "1,2";
			};
			name = Release;
		};
/* End XCBuildConfiguration section */

/* Begin XCConfigurationList section */
		AB5BB8892A8E048E00172F5F /* Build configuration list for PBXProject "RandMorty" */ = {
			isa = XCConfigurationList;
			buildConfigurations = (
				AB5BB8A02A8E048F00172F5F /* Debug */,
				AB5BB8A12A8E048F00172F5F /* Release */,
			);
			defaultConfigurationIsVisible = 0;
			defaultConfigurationName = Release;
		};
		AB5BB8A22A8E048F00172F5F /* Build configuration list for PBXNativeTarget "RandMorty" */ = {
			isa = XCConfigurationList;
			buildConfigurations = (
				AB5BB8A32A8E048F00172F5F /* Debug */,
				AB5BB8A42A8E048F00172F5F /* Release */,
			);
			defaultConfigurationIsVisible = 0;
			defaultConfigurationName = Release;
		};
/* End XCConfigurationList section */
	};
	rootObject = AB5BB8862A8E048E00172F5F /* Project object */;
}
